Microsoft Visual Studio Solution File, Format Version 12.00
# Visual Studio Version 17
VisualStudioVersion = 17.5.2.0
MinimumVisualStudioVersion = 10.0.40219.1
Project("{FAE04EC0-301F-11D3-BF4B-00C04F79EFBC}") = "MidiProject", "MidiProject.csproj", "{FBB42B08-25DD-1545-0479-AA057E49025B}"
EndProject
Global
	GlobalSection(SolutionConfigurationPlatforms) = preSolution
		Debug|Any CPU = Debug|Any CPU
		Release|Any CPU = Release|Any CPU
	EndGlobalSection
	GlobalSection(ProjectConfigurationPlatforms) = postSolution
		{FBB42B08-25DD-1545-0479-AA057E49025B}.Debug|Any CPU.ActiveCfg = Debug|Any CPU
		{FBB42B08-25DD-1545-0479-AA057E49025B}.Debug|Any CPU.Build.0 = Debug|Any CPU
		{FBB42B08-25DD-1545-0479-AA057E49025B}.Release|Any CPU.ActiveCfg = Release|Any CPU
		{FBB42B08-25DD-1545-0479-AA057E49025B}.Release|Any CPU.Build.0 = Release|Any CPU
	EndGlobalSection
	GlobalSection(SolutionProperties) = preSolution
		HideSolutionNode = FALSE
	EndGlobalSection
	GlobalSection(ExtensibilityGlobals) = postSolution
		SolutionGuid = {7911F7B3-82BF-4373-B1FA-75E1691CDF41}
	EndGlobalSection
EndGlobal
